
Microsoft Visual Studio Solution File, Format Version 12.00
# Visual Studio Version 16
VisualStudioVersion = 25.0.1706.0
MinimumVisualStudioVersion = 10.0.40219.1
Project("{FAE04EC0-301F-11D3-BF4B-00C04F79EFBC}") = "mongodb-dotnet-sample", "mongodb-dotnet-sample\mongodb-dotnet-sample.csproj", "{72EFFC89-24A2-4F30-861E-E10E8F985C3B}"
EndProject
Global
	GlobalSection(SolutionConfigurationPlatforms) = preSolution
		Debug|Any CPU = Debug|Any CPU
		Release|Any CPU = Release|Any CPU
	EndGlobalSection
	GlobalSection(ProjectConfigurationPlatforms) = postSolution
		{72EFFC89-24A2-4F30-861E-E10E8F985C3B}.Debug|Any CPU.ActiveCfg = Debug|Any CPU
		{72EFFC89-24A2-4F30-861E-E10E8F985C3B}.Debug|Any CPU.Build.0 = Debug|Any CPU
		{72EFFC89-24A2-4F30-861E-E10E8F985C3B}.Release|Any CPU.ActiveCfg = Release|Any CPU
		{72EFFC89-24A2-4F30-861E-E10E8F985C3B}.Release|Any CPU.Build.0 = Release|Any CPU
	EndGlobalSection
	GlobalSection(SolutionProperties) = preSolution
		HideSolutionNode = FALSE
	EndGlobalSection
	GlobalSection(ExtensibilityGlobals) = postSolution
		SolutionGuid = {E2A6A9C9-2D1A-4845-993E-96CD1AE6A48F}
	EndGlobalSection
EndGlobal
